
Microsoft Visual Studio Solution File, Format Version 12.00
# Visual Studio Version 17
VisualStudioVersion = 17.11.35312.102
MinimumVisualStudioVersion = 10.0.40219.1
Project("{9A19103F-16F7-4668-BE54-9A1E7A4F7556}") = "FluFighter", "FluFighter\FluFighter.csproj", "{8767E921-FF63-4C63-ABEF-BCC9E3C84D3A}"
EndProject
Global
	GlobalSection(SolutionConfigurationPlatforms) = preSolution
		Debug|Any CPU = Debug|Any CPU
		Release|Any CPU = Release|Any CPU
	EndGlobalSection
	GlobalSection(ProjectConfigurationPlatforms) = postSolution
		{8767E921-FF63-4C63-ABEF-BCC9E3C84D3A}.Debug|Any CPU.ActiveCfg = Debug|Any CPU
		{8767E921-FF63-4C63-ABEF-BCC9E3C84D3A}.Debug|Any CPU.Build.0 = Debug|Any CPU
		{8767E921-FF63-4C63-ABEF-BCC9E3C84D3A}.Release|Any CPU.ActiveCfg = Release|Any CPU
		{8767E921-FF63-4C63-ABEF-BCC9E3C84D3A}.Release|Any CPU.Build.0 = Release|Any CPU
	EndGlobalSection
	GlobalSection(SolutionProperties) = preSolution
		HideSolutionNode = FALSE
	EndGlobalSection
	GlobalSection(ExtensibilityGlobals) = postSolution
		SolutionGuid = {DE06D3BC-E07A-4937-8570-3ED8FEFA9FBF}
	EndGlobalSection
EndGlobal
